// !$*UTF8*$!
{
	archiveVersion = 1;
	classes = {
	};
	objectVersion = 50;
	objects = {

/* Begin PBXBuildFile section */
		8455D0A9207DDE080041194E /* AppDelegate.m in Sources */ = {isa = PBXBuildFile; fileRef = 8455D0A8207DDE080041194E /* AppDelegate.m */; };
		8455D0AC207DDE080041194E /* ViewController.m in Sources */ = {isa = PBXBuildFile; fileRef = 8455D0AB207DDE080041194E /* ViewController.m */; };
		8455D0AF207DDE080041194E /* Main.storyboard in Resources */ = {isa = PBXBuildFile; fileRef = 8455D0AD207DDE080041194E /* Main.storyboard */; };
		8455D0B1207DDE0A0041194E /* Assets.xcassets in Resources */ = {isa = PBXBuildFile; fileRef = 8455D0B0207DDE0A0041194E /* Assets.xcassets */; };
		8455D0B4207DDE0A0041194E /* LaunchScreen.storyboard in Resources */ = {isa = PBXBuildFile; fileRef = 8455D0B2207DDE0A0041194E /* LaunchScreen.storyboard */; };
		8455D0B7207DDE0A0041194E /* main.m in Sources */ = {isa = PBXBuildFile; fileRef = 8455D0B6207DDE0A0041194E /* main.m */; };
		8455D0C1207DDE0A0041194E /* YCNetworkTests.m in Sources */ = {isa = PBXBuildFile; fileRef = 8455D0C0207DDE0A0041194E /* YCNetworkTests.m */; };
		8455D0CC207DDE0A0041194E /* YCNetworkUITests.m in Sources */ = {isa = PBXBuildFile; fileRef = 8455D0CB207DDE0A0041194E /* YCNetworkUITests.m */; };
/* End PBXBuildFile section */

/* Begin PBXContainerItemProxy section */
		8455D0BD207DDE0A0041194E /* PBXContainerItemProxy */ = {
			isa = PBXContainerItemProxy;
			containerPortal = 8455D09C207DDE080041194E /* Project object */;
			proxyType = 1;
			remoteGlobalIDString = 8455D0A3207DDE080041194E;
			remoteInfo = YCNetwork;
		};
		8455D0C8207DDE0A0041194E /* PBXContainerItemProxy */ = {
			isa = PBXContainerItemProxy;
			containerPortal = 8455D09C207DDE080041194E /* Project object */;
			proxyType = 1;
			remoteGlobalIDString = 8455D0A3207DDE080041194E;
			remoteInfo = YCNetwork;
		};
/* End PBXContainerItemProxy section */

/* Begin PBXFileReference section */
		8455D0A4207DDE080041194E /* YCNetwork.app */ = {isa = PBXFileReference; explicitFileType = wrapper.application; includeInIndex = 0; path = YCNetwork.app; sourceTree = BUILT_PRODUCTS_DIR; };
		8455D0A7207DDE080041194E /* AppDelegate.h */ = {isa = PBXFileReference; lastKnownFileType = sourcecode.c.h; path = AppDelegate.h; sourceTree = "<group>"; };
		8455D0A8207DDE080041194E /* AppDelegate.m */ = {isa = PBXFileReference; lastKnownFileType = sourcecode.c.objc; path = AppDelegate.m; sourceTree = "<group>"; };
		8455D0AA207DDE080041194E /* ViewController.h */ = {isa = PBXFileReference; lastKnownFileType = sourcecode.c.h; path = ViewController.h; sourceTree = "<group>"; };
		8455D0AB207DDE080041194E /* ViewController.m */ = {isa = PBXFileReference; lastKnownFileType = sourcecode.c.objc; path = ViewController.m; sourceTree = "<group>"; };
		8455D0AE207DDE080041194E /* Base */ = {isa = PBXFileReference; lastKnownFileType = file.storyboard; name = Base; path = Base.lproj/Main.storyboard; sourceTree = "<group>"; };
		8455D0B0207DDE0A0041194E /* Assets.xcassets */ = {isa = PBXFileReference; lastKnownFileType = folder.assetcatalog; path = Assets.xcassets; sourceTree = "<group>"; };
		8455D0B3207DDE0A0041194E /* Base */ = {isa = PBXFileReference; lastKnownFileType = file.storyboard; name = Base; path = Base.lproj/LaunchScreen.storyboard; sourceTree = "<group>"; };
		8455D0B5207DDE0A0041194E /* Info.plist */ = {isa = PBXFileReference; lastKnownFileType = text.plist.xml; path = Info.plist; sourceTree = "<group>"; };
		8455D0B6207DDE0A0041194E /* main.m */ = {isa = PBXFileReference; lastKnownFileType = sourcecode.c.objc; path = main.m; sourceTree = "<group>"; };
		8455D0BC207DDE0A0041194E /* YCNetworkTests.xctest */ = {isa = PBXFileReference; explicitFileType = wrapper.cfbundle; includeInIndex = 0; path = YCNetworkTests.xctest; sourceTree = BUILT_PRODUCTS_DIR; };
		8455D0C0207DDE0A0041194E /* YCNetworkTests.m */ = {isa = PBXFileReference; lastKnownFileType = sourcecode.c.objc; path = YCNetworkTests.m; sourceTree = "<group>"; };
		8455D0C2207DDE0A0041194E /* Info.plist */ = {isa = PBXFileReference; lastKnownFileType = text.plist.xml; path = Info.plist; sourceTree = "<group>"; };
		8455D0C7207DDE0A0041194E /* YCNetworkUITests.xctest */ = {isa = PBXFileReference; explicitFileType = wrapper.cfbundle; includeInIndex = 0; path = YCNetworkUITests.xctest; sourceTree = BUILT_PRODUCTS_DIR; };
		8455D0CB207DDE0A0041194E /* YCNetworkUITests.m */ = {isa = PBXFileReference; lastKnownFileType = sourcecode.c.objc; path = YCNetworkUITests.m; sourceTree = "<group>"; };
		8455D0CD207DDE0A0041194E /* Info.plist */ = {isa = PBXFileReference; lastKnownFileType = text.plist.xml; path = Info.plist; sourceTree = "<group>"; };
/* End PBXFileReference section */

/* Begin PBXFrameworksBuildPhase section */
		8455D0A1207DDE080041194E /* Frameworks */ = {
			isa = PBXFrameworksBuildPhase;
			buildActionMask = 2147483647;
			files = (
			);
			runOnlyForDeploymentPostprocessing = 0;
		};
		8455D0B9207DDE0A0041194E /* Frameworks */ = {
			isa = PBXFrameworksBuildPhase;
			buildActionMask = 2147483647;
			files = (
			);
			runOnlyForDeploymentPostprocessing = 0;
		};
		8455D0C4207DDE0A0041194E /* Frameworks */ = {
			isa = PBXFrameworksBuildPhase;
			buildActionMask = 2147483647;
			files = (
			);
			runOnlyForDeploymentPostprocessing = 0;
		};
/* End PBXFrameworksBuildPhase section */

/* Begin PBXGroup section */
		8455D09B207DDE080041194E = {
			isa = PBXGroup;
			children = (
				8455D0A6207DDE080041194E /* YCNetwork */,
				8455D0BF207DDE0A0041194E /* YCNetworkTests */,
				8455D0CA207DDE0A0041194E /* YCNetworkUITests */,
				8455D0A5207DDE080041194E /* Products */,
			);
			sourceTree = "<group>";
		};
		8455D0A5207DDE080041194E /* Products */ = {
			isa = PBXGroup;
			children = (
				8455D0A4207DDE080041194E /* YCNetwork.app */,
				8455D0BC207DDE0A0041194E /* YCNetworkTests.xctest */,
				8455D0C7207DDE0A0041194E /* YCNetworkUITests.xctest */,
			);
			name = Products;
			sourceTree = "<group>";
		};
		8455D0A6207DDE080041194E /* YCNetwork */ = {
			isa = PBXGroup;
			children = (
				8455D0A7207DDE080041194E /* AppDelegate.h */,
				8455D0A8207DDE080041194E /* AppDelegate.m */,
				8455D0AA207DDE080041194E /* ViewController.h */,
				8455D0AB207DDE080041194E /* ViewController.m */,
				8455D0AD207DDE080041194E /* Main.storyboard */,
				8455D0B0207DDE0A0041194E /* Assets.xcassets */,
				8455D0B2207DDE0A0041194E /* LaunchScreen.storyboard */,
				8455D0B5207DDE0A0041194E /* Info.plist */,
				8455D0B6207DDE0A0041194E /* main.m */,
			);
			path = YCNetwork;
			sourceTree = "<group>";
		};
		8455D0BF207DDE0A0041194E /* YCNetworkTests */ = {
			isa = PBXGroup;
			children = (
				8455D0C0207DDE0A0041194E /* YCNetworkTests.m */,
				8455D0C2207DDE0A0041194E /* Info.plist */,
			);
			path = YCNetworkTests;
			sourceTree = "<group>";
		};
		8455D0CA207DDE0A0041194E /* YCNetworkUITests */ = {
			isa = PBXGroup;
			children = (
				8455D0CB207DDE0A0041194E /* YCNetworkUITests.m */,
				8455D0CD207DDE0A0041194E /* Info.plist */,
			);
			path = YCNetworkUITests;
			sourceTree = "<group>";
		};
/* End PBXGroup section */

/* Begin PBXNativeTarget section */
		8455D0A3207DDE080041194E /* YCNetwork */ = {
			isa = PBXNativeTarget;
			buildConfigurationList = 8455D0D0207DDE0A0041194E /* Build configuration list for PBXNativeTarget "YCNetwork" */;
			buildPhases = (
				8455D0A0207DDE080041194E /* Sources */,
				8455D0A1207DDE080041194E /* Frameworks */,
				8455D0A2207DDE080041194E /* Resources */,
			);
			buildRules = (
			);
			dependencies = (
			);
			name = YCNetwork;
			productName = YCNetwork;
			productReference = 8455D0A4207DDE080041194E /* YCNetwork.app */;
			productType = "com.apple.product-type.application";
		};
		8455D0BB207DDE0A0041194E /* YCNetworkTests */ = {
			isa = PBXNativeTarget;
			buildConfigurationList = 8455D0D3207DDE0A0041194E /* Build configuration list for PBXNativeTarget "YCNetworkTests" */;
			buildPhases = (
				8455D0B8207DDE0A0041194E /* Sources */,
				8455D0B9207DDE0A0041194E /* Frameworks */,
				8455D0BA207DDE0A0041194E /* Resources */,
			);
			buildRules = (
			);
			dependencies = (
				8455D0BE207DDE0A0041194E /* PBXTargetDependency */,
			);
			name = YCNetworkTests;
			productName = YCNetworkTests;
			productReference = 8455D0BC207DDE0A0041194E /* YCNetworkTests.xctest */;
			productType = "com.apple.product-type.bundle.unit-test";
		};
		8455D0C6207DDE0A0041194E /* YCNetworkUITests */ = {
			isa = PBXNativeTarget;
			buildConfigurationList = 8455D0D6207DDE0A0041194E /* Build configuration list for PBXNativeTarget "YCNetworkUITests" */;
			buildPhases = (
				8455D0C3207DDE0A0041194E /* Sources */,
				8455D0C4207DDE0A0041194E /* Frameworks */,
				8455D0C5207DDE0A0041194E /* Resources */,
			);
			buildRules = (
			);
			dependencies = (
				8455D0C9207DDE0A0041194E /* PBXTargetDependency */,
			);
			name = YCNetworkUITests;
			productName = YCNetworkUITests;
			productReference = 8455D0C7207DDE0A0041194E /* YCNetworkUITests.xctest */;
			productType = "com.apple.product-type.bundle.ui-testing";
		};
/* End PBXNativeTarget section */

/* Begin PBXProject section */
		8455D09C207DDE080041194E /* Project object */ = {
			isa = PBXProject;
			attributes = {
				LastUpgradeCheck = 0930;
				ORGANIZATIONNAME = admin;
				TargetAttributes = {
					8455D0A3207DDE080041194E = {
						CreatedOnToolsVersion = 9.3;
					};
					8455D0BB207DDE0A0041194E = {
						CreatedOnToolsVersion = 9.3;
						TestTargetID = 8455D0A3207DDE080041194E;
					};
					8455D0C6207DDE0A0041194E = {
						CreatedOnToolsVersion = 9.3;
						TestTargetID = 8455D0A3207DDE080041194E;
					};
				};
			};
			buildConfigurationList = 8455D09F207DDE080041194E /* Build configuration list for PBXProject "YCNetwork" */;
			compatibilityVersion = "Xcode 9.3";
			developmentRegion = en;
			hasScannedForEncodings = 0;
			knownRegions = (
				en,
				Base,
			);
			mainGroup = 8455D09B207DDE080041194E;
			productRefGroup = 8455D0A5207DDE080041194E /* Products */;
			projectDirPath = "";
			projectRoot = "";
			targets = (
				8455D0A3207DDE080041194E /* YCNetwork */,
				8455D0BB207DDE0A0041194E /* YCNetworkTests */,
				8455D0C6207DDE0A0041194E /* YCNetworkUITests */,
			);
		};
/* End PBXProject section */

/* Begin PBXResourcesBuildPhase section */
		8455D0A2207DDE080041194E /* Resources */ = {
			isa = PBXResourcesBuildPhase;
			buildActionMask = 2147483647;
			files = (
				8455D0B4207DDE0A0041194E /* LaunchScreen.storyboard in Resources */,
				8455D0B1207DDE0A0041194E /* Assets.xcassets in Resources */,
				8455D0AF207DDE080041194E /* Main.storyboard in Resources */,
			);
			runOnlyForDeploymentPostprocessing = 0;
		};
		8455D0BA207DDE0A0041194E /* Resources */ = {
			isa = PBXResourcesBuildPhase;
			buildActionMask = 2147483647;
			files = (
			);
			runOnlyForDeploymentPostprocessing = 0;
		};
		8455D0C5207DDE0A0041194E /* Resources */ = {
			isa = PBXResourcesBuildPhase;
			buildActionMask = 2147483647;
			files = (
			);
			runOnlyForDeploymentPostprocessing = 0;
		};
/* End PBXResourcesBuildPhase section */

/* Begin PBXSourcesBuildPhase section */
		8455D0A0207DDE080041194E /* Sources */ = {
			isa = PBXSourcesBuildPhase;
			buildActionMask = 2147483647;
			files = (
				8455D0AC207DDE080041194E /* ViewController.m in Sources */,
				8455D0B7207DDE0A0041194E /* main.m in Sources */,
				8455D0A9207DDE080041194E /* AppDelegate.m in Sources */,
			);
			runOnlyForDeploymentPostprocessing = 0;
		};
		8455D0B8207DDE0A0041194E /* Sources */ = {
			isa = PBXSourcesBuildPhase;
			buildActionMask = 2147483647;
			files = (
				8455D0C1207DDE0A0041194E /* YCNetworkTests.m in Sources */,
			);
			runOnlyForDeploymentPostprocessing = 0;
		};
		8455D0C3207DDE0A0041194E /* Sources */ = {
			isa = PBXSourcesBuildPhase;
			buildActionMask = 2147483647;
			files = (
				8455D0CC207DDE0A0041194E /* YCNetworkUITests.m in Sources */,
			);
			runOnlyForDeploymentPostprocessing = 0;
		};
/* End PBXSourcesBuildPhase section */

/* Begin PBXTargetDependency section */
		8455D0BE207DDE0A0041194E /* PBXTargetDependency */ = {
			isa = PBXTargetDependency;
			target = 8455D0A3207DDE080041194E /* YCNetwork */;
			targetProxy = 8455D0BD207DDE0A0041194E /* PBXContainerItemProxy */;
		};
		8455D0C9207DDE0A0041194E /* PBXTargetDependency */ = {
			isa = PBXTargetDependency;
			target = 8455D0A3207DDE080041194E /* YCNetwork */;
			targetProxy = 8455D0C8207DDE0A0041194E /* PBXContainerItemProxy */;
		};
/* End PBXTargetDependency section */

/* Begin PBXVariantGroup section */
		8455D0AD207DDE080041194E /* Main.storyboard */ = {
			isa = PBXVariantGroup;
			children = (
				8455D0AE207DDE080041194E /* Base */,
			);
			name = Main.storyboard;
			sourceTree = "<group>";
		};
		8455D0B2207DDE0A0041194E /* LaunchScreen.storyboard */ = {
			isa = PBXVariantGroup;
			children = (
				8455D0B3207DDE0A0041194E /* Base */,
			);
			name = LaunchScreen.storyboard;
			sourceTree = "<group>";
		};
/* End PBXVariantGroup section */

/* Begin XCBuildConfiguration section */
		8455D0CE207DDE0A0041194E /* Debug */ = {
			isa = XCBuildConfiguration;
			buildSettings = {
				ALWAYS_SEARCH_USER_PATHS = NO;
				CLANG_ANALYZER_NONNULL = YES;
				CLANG_ANALYZER_NUMBER_OBJECT_CONVERSION = YES_AGGRESSIVE;
				CLANG_CXX_LANGUAGE_STANDARD = "gnu++14";
				CLANG_CXX_LIBRARY = "libc++";
				CLANG_ENABLE_MODULES = YES;
				CLANG_ENABLE_OBJC_ARC = YES;
				CLANG_ENABLE_OBJC_WEAK = YES;
				CLANG_WARN_BLOCK_CAPTURE_AUTORELEASING = YES;
				CLANG_WARN_BOOL_CONVERSION = YES;
				CLANG_WARN_COMMA = YES;
				CLANG_WARN_CONSTANT_CONVERSION = YES;
				CLANG_WARN_DEPRECATED_OBJC_IMPLEMENTATIONS = YES;
				CLANG_WARN_DIRECT_OBJC_ISA_USAGE = YES_ERROR;
				CLANG_WARN_DOCUMENTATION_COMMENTS = YES;
				CLANG_WARN_EMPTY_BODY = YES;
				CLANG_WARN_ENUM_CONVERSION = YES;
				CLANG_WARN_INFINITE_RECURSION = YES;
				CLANG_WARN_INT_CONVERSION = YES;
				CLANG_WARN_NON_LITERAL_NULL_CONVERSION = YES;
				CLANG_WARN_OBJC_IMPLICIT_RETAIN_SELF = YES;
				CLANG_WARN_OBJC_LITERAL_CONVERSION = YES;
				CLANG_WARN_OBJC_ROOT_CLASS = YES_ERROR;
				CLANG_WARN_RANGE_LOOP_ANALYSIS = YES;
				CLANG_WARN_STRICT_PROTOTYPES = YES;
				CLANG_WARN_SUSPICIOUS_MOVE = YES;
				CLANG_WARN_UNGUARDED_AVAILABILITY = YES_AGGRESSIVE;
				CLANG_WARN_UNREACHABLE_CODE = YES;
				CLANG_WARN__DUPLICATE_METHOD_MATCH = YES;
				CODE_SIGN_IDENTITY = "iPhone Developer";
				COPY_PHASE_STRIP = NO;
				DEBUG_INFORMATION_FORMAT = dwarf;
				ENABLE_STRICT_OBJC_MSGSEND = YES;
				ENABLE_TESTABILITY = YES;
				GCC_C_LANGUAGE_STANDARD = gnu11;
				GCC_DYNAMIC_NO_PIC = NO;
				GCC_NO_COMMON_BLOCKS = YES;
				GCC_OPTIMIZATION_LEVEL = 0;
				GCC_PREPROCESSOR_DEFINITIONS = (
					"DEBUG=1",
					"$(inherited)",
				);
				GCC_WARN_64_TO_32_BIT_CONVERSION = YES;
				GCC_WARN_ABOUT_RETURN_TYPE = YES_ERROR;
				GCC_WARN_UNDECLARED_SELECTOR = YES;
				GCC_WARN_UNINITIALIZED_AUTOS = YES_AGGRESSIVE;
				GCC_WARN_UNUSED_FUNCTION = YES;
				GCC_WARN_UNUSED_VARIABLE = YES;
				IPHONEOS_DEPLOYMENT_TARGET = 11.3;
				MTL_ENABLE_DEBUG_INFO = YES;
				ONLY_ACTIVE_ARCH = YES;
				SDKROOT = iphoneos;
			};
			name = Debug;
		};
		8455D0CF207DDE0A0041194E /* Release */ = {
			isa = XCBuildConfiguration;
			buildSettings = {
				ALWAYS_SEARCH_USER_PATHS = NO;
				CLANG_ANALYZER_NONNULL = YES;
				CLANG_ANALYZER_NUMBER_OBJECT_CONVERSION = YES_AGGRESSIVE;
				CLANG_CXX_LANGUAGE_STANDARD = "gnu++14";
				CLANG_CXX_LIBRARY = "libc++";
				CLANG_ENABLE_MODULES = YES;
				CLANG_ENABLE_OBJC_ARC = YES;
				CLANG_ENABLE_OBJC_WEAK = YES;
				CLANG_WARN_BLOCK_CAPTURE_AUTORELEASING = YES;
				CLANG_WARN_BOOL_CONVERSION = YES;
				CLANG_WARN_COMMA = YES;
				CLANG_WARN_CONSTANT_CONVERSION = YES;
				CLANG_WARN_DEPRECATED_OBJC_IMPLEMENTATIONS = YES;
				CLANG_WARN_DIRECT_OBJC_ISA_USAGE = YES_ERROR;
				CLANG_WARN_DOCUMENTATION_COMMENTS = YES;
				CLANG_WARN_EMPTY_BODY = YES;
				CLANG_WARN_ENUM_CONVERSION = YES;
				CLANG_WARN_INFINITE_RECURSION = YES;
				CLANG_WARN_INT_CONVERSION = YES;
				CLANG_WARN_NON_LITERAL_NULL_CONVERSION = YES;
				CLANG_WARN_OBJC_IMPLICIT_RETAIN_SELF = YES;
				CLANG_WARN_OBJC_LITERAL_CONVERSION = YES;
				CLANG_WARN_OBJC_ROOT_CLASS = YES_ERROR;
				CLANG_WARN_RANGE_LOOP_ANALYSIS = YES;
				CLANG_WARN_STRICT_PROTOTYPES = YES;
				CLANG_WARN_SUSPICIOUS_MOVE = YES;
				CLANG_WARN_UNGUARDED_AVAILABILITY = YES_AGGRESSIVE;
				CLANG_WARN_UNREACHABLE_CODE = YES;
				CLANG_WARN__DUPLICATE_METHOD_MATCH = YES;
				CODE_SIGN_IDENTITY = "iPhone Developer";
				COPY_PHASE_STRIP = NO;
				DEBUG_INFORMATION_FORMAT = "dwarf-with-dsym";
				ENABLE_NS_ASSERTIONS = NO;
				ENABLE_STRICT_OBJC_MSGSEND = YES;
				GCC_C_LANGUAGE_STANDARD = gnu11;
				GCC_NO_COMMON_BLOCKS = YES;
				GCC_WARN_64_TO_32_BIT_CONVERSION = YES;
				GCC_WARN_ABOUT_RETURN_TYPE = YES_ERROR;
				GCC_WARN_UNDECLARED_SELECTOR = YES;
				GCC_WARN_UNINITIALIZED_AUTOS = YES_AGGRESSIVE;
				GCC_WARN_UNUSED_FUNCTION = YES;
				GCC_WARN_UNUSED_VARIABLE = YES;
				IPHONEOS_DEPLOYMENT_TARGET = 11.3;
				MTL_ENABLE_DEBUG_INFO = NO;
				SDKROOT = iphoneos;
				VALIDATE_PRODUCT = YES;
			};
			name = Release;
		};
		8455D0D1207DDE0A0041194E /* Debug */ = {
			isa = XCBuildConfiguration;
			buildSettings = {
				ASSETCATALOG_COMPILER_APPICON_NAME = AppIcon;
				CODE_SIGN_STYLE = Automatic;
				DEVELOPMENT_TEAM = EWUX83D2R9;
				INFOPLIST_FILE = YCNetwork/Info.plist;
				LD_RUNPATH_SEARCH_PATHS = (
					"$(inherited)",
					"@executable_path/Frameworks",
				);
				PRODUCT_BUNDLE_IDENTIFIER = manyou.YCNetwork;
				PRODUCT_NAME = "$(TARGET_NAME)";
				TARGETED_DEVICE_FAMILY = "1,2";
			};
			name = Debug;
		};
		8455D0D2207DDE0A0041194E /* Release */ = {
			isa = XCBuildConfiguration;
			buildSettings = {
				ASSETCATALOG_COMPILER_APPICON_NAME = AppIcon;
				CODE_SIGN_STYLE = Automatic;
				DEVELOPMENT_TEAM = EWUX83D2R9;
				INFOPLIST_FILE = YCNetwork/Info.plist;
				LD_RUNPATH_SEARCH_PATHS = (
					"$(inherited)",
					"@executable_path/Frameworks",
				);
				PRODUCT_BUNDLE_IDENTIFIER = manyou.YCNetwork;
				PRODUCT_NAME = "$(TARGET_NAME)";
				TARGETED_DEVICE_FAMILY = "1,2";
			};
			name = Release;
		};
		8455D0D4207DDE0A0041194E /* Debug */ = {
			isa = XCBuildConfiguration;
			buildSettings = {
				BUNDLE_LOADER = "$(TEST_HOST)";
				CODE_SIGN_STYLE = Automatic;
				DEVELOPMENT_TEAM = EWUX83D2R9;
				INFOPLIST_FILE = YCNetworkTests/Info.plist;
				LD_RUNPATH_SEARCH_PATHS = (
					"$(inherited)",
					"@executable_path/Frameworks",
					"@loader_path/Frameworks",
				);
				PRODUCT_BUNDLE_IDENTIFIER = manyou.YCNetworkTests;
				PRODUCT_NAME = "$(TARGET_NAME)";
				TARGETED_DEVICE_FAMILY = "1,2";
				TEST_HOST = "$(BUILT_PRODUCTS_DIR)/YCNetwork.app/YCNetwork";
			};
			name = Debug;
		};
		8455D0D5207DDE0A0041194E /* Release */ = {
			isa = XCBuildConfiguration;
			buildSettings = {
				BUNDLE_LOADER = "$(TEST_HOST)";
				CODE_SIGN_STYLE = Automatic;
				DEVELOPMENT_TEAM = EWUX83D2R9;
				INFOPLIST_FILE = YCNetworkTests/Info.plist;
				LD_RUNPATH_SEARCH_PATHS = (
					"$(inherited)",
					"@executable_path/Frameworks",
					"@loader_path/Frameworks",
				);
				PRODUCT_BUNDLE_IDENTIFIER = manyou.YCNetworkTests;
				PRODUCT_NAME = "$(TARGET_NAME)";
				TARGETED_DEVICE_FAMILY = "1,2";
				TEST_HOST = "$(BUILT_PRODUCTS_DIR)/YCNetwork.app/YCNetwork";
			};
			name = Release;
		};
		8455D0D7207DDE0A0041194E /* Debug */ = {
			isa = XCBuildConfiguration;
			buildSettings = {
				CODE_SIGN_STYLE = Automatic;
				DEVELOPMENT_TEAM = EWUX83D2R9;
				INFOPLIST_FILE = YCNetworkUITests/Info.plist;
				LD_RUNPATH_SEARCH_PATHS = (
					"$(inherited)",
					"@executable_path/Frameworks",
					"@loader_path/Frameworks",
				);
				PRODUCT_BUNDLE_IDENTIFIER = manyou.YCNetworkUITests;
				PRODUCT_NAME = "$(TARGET_NAME)";
				TARGETED_DEVICE_FAMILY = "1,2";
				TEST_TARGET_NAME = YCNetwork;
			};
			name = Debug;
		};
		8455D0D8207DDE0A0041194E /* Release */ = {
			isa = XCBuildConfiguration;
			buildSettings = {
				CODE_SIGN_STYLE = Automatic;
				DEVELOPMENT_TEAM = EWUX83D2R9;
				INFOPLIST_FILE = YCNetworkUITests/Info.plist;
				LD_RUNPATH_SEARCH_PATHS = (
					"$(inherited)",
					"@executable_path/Frameworks",
					"@loader_path/Frameworks",
				);
				PRODUCT_BUNDLE_IDENTIFIER = manyou.YCNetworkUITests;
				PRODUCT_NAME = "$(TARGET_NAME)";
				TARGETED_DEVICE_FAMILY = "1,2";
				TEST_TARGET_NAME = YCNetwork;
			};
			name = Release;
		};
/* End XCBuildConfiguration section */

/* Begin XCConfigurationList section */
		8455D09F207DDE080041194E /* Build configuration list for PBXProject "YCNetwork" */ = {
			isa = XCConfigurationList;
			buildConfigurations = (
				8455D0CE207DDE0A0041194E /* Debug */,
				8455D0CF207DDE0A0041194E /* Release */,
			);
			defaultConfigurationIsVisible = 0;
			defaultConfigurationName = Release;
		};
		8455D0D0207DDE0A0041194E /* Build configuration list for PBXNativeTarget "YCNetwork" */ = {
			isa = XCConfigurationList;
			buildConfigurations = (
				8455D0D1207DDE0A0041194E /* Debug */,
				8455D0D2207DDE0A0041194E /* Release */,
			);
			defaultConfigurationIsVisible = 0;
			defaultConfigurationName = Release;
		};
		8455D0D3207DDE0A0041194E /* Build configuration list for PBXNativeTarget "YCNetworkTests" */ = {
			isa = XCConfigurationList;
			buildConfigurations = (
				8455D0D4207DDE0A0041194E /* Debug */,
				8455D0D5207DDE0A0041194E /* Release */,
			);
			defaultConfigurationIsVisible = 0;
			defaultConfigurationName = Release;
		};
		8455D0D6207DDE0A0041194E /* Build configuration list for PBXNativeTarget "YCNetworkUITests" */ = {
			isa = XCConfigurationList;
			buildConfigurations = (
				8455D0D7207DDE0A0041194E /* Debug */,
				8455D0D8207DDE0A0041194E /* Release */,
			);
			defaultConfigurationIsVisible = 0;
			defaultConfigurationName = Release;
		};
/* End XCConfigurationList section */
	};
	rootObject = 8455D09C207DDE080041194E /* Project object */;
}
